// !$*UTF8*$!
{
	archiveVersion = 1;
	classes = {
	};
	objectVersion = 46;
	objects = {

/* Begin PBXBuildFile section */
		B2D9D9ED1F3C59D900BE4141 /* AppDelegate.swift in Sources */ = {isa = PBXBuildFile; fileRef = B2D9D9EC1F3C59D900BE4141 /* AppDelegate.swift */; };
		B2D9D9EF1F3C59D900BE4141 /* ViewController.swift in Sources */ = {isa = PBXBuildFile; fileRef = B2D9D9EE1F3C59D900BE4141 /* ViewController.swift */; };
		B2D9D9F21F3C59D900BE4141 /* Main.storyboard in Resources */ = {isa = PBXBuildFile; fileRef = B2D9D9F01F3C59D900BE4141 /* Main.storyboard */; };
		B2D9D9F41F3C59D900BE4141 /* Assets.xcassets in Resources */ = {isa = PBXBuildFile; fileRef = B2D9D9F31F3C59D900BE4141 /* Assets.xcassets */; };
		B2D9D9F71F3C59D900BE4141 /* LaunchScreen.storyboard in Resources */ = {isa = PBXBuildFile; fileRef = B2D9D9F51F3C59D900BE4141 /* LaunchScreen.storyboard */; };
/* End PBXBuildFile section */

/* Begin PBXFileReference section */
		B2D9D9E91F3C59D900BE4141 /* iphone and ipad size.app */ = {isa = PBXFileReference; explicitFileType = wrapper.application; includeInIndex = 0; path = "iphone and ipad size.app"; sourceTree = BUILT_PRODUCTS_DIR; };
		B2D9D9EC1F3C59D900BE4141 /* AppDelegate.swift */ = {isa = PBXFileReference; lastKnownFileType = sourcecode.swift; path = AppDelegate.swift; sourceTree = "<group>"; };
		B2D9D9EE1F3C59D900BE4141 /* ViewController.swift */ = {isa = PBXFileReference; lastKnownFileType = sourcecode.swift; path = ViewController.swift; sourceTree = "<group>"; };
		B2D9D9F11F3C59D900BE4141 /* Base */ = {isa = PBXFileReference; lastKnownFileType = file.storyboard; name = Base; path = Base.lproj/Main.storyboard; sourceTree = "<group>"; };
		B2D9D9F31F3C59D900BE4141 /* Assets.xcassets */ = {isa = PBXFileReference; lastKnownFileType = folder.assetcatalog; path = Assets.xcassets; sourceTree = "<group>"; };
		B2D9D9F61F3C59D900BE4141 /* Base */ = {isa = PBXFileReference; lastKnownFileType = file.storyboard; name = Base; path = Base.lproj/LaunchScreen.storyboard; sourceTree = "<group>"; };
		B2D9D9F81F3C59D900BE4141 /* Info.plist */ = {isa = PBXFileReference; lastKnownFileType = text.plist.xml; path = Info.plist; sourceTree = "<group>"; };
/* End PBXFileReference section */

/* Begin PBXFrameworksBuildPhase section */
		B2D9D9E61F3C59D900BE4141 /* Frameworks */ = {
			isa = PBXFrameworksBuildPhase;
			buildActionMask = 2147483647;
			files = (
			);
			runOnlyForDeploymentPostprocessing = 0;
		};
/* End PBXFrameworksBuildPhase section */

/* Begin PBXGroup section */
		B2D9D9E01F3C59D900BE4141 = {
			isa = PBXGroup;
			children = (
				B2D9D9EB1F3C59D900BE4141 /* iphone and ipad size */,
				B2D9D9EA1F3C59D900BE4141 /* Products */,
			);
			sourceTree = "<group>";
		};
		B2D9D9EA1F3C59D900BE4141 /* Products */ = {
			isa = PBXGroup;
			children = (
				B2D9D9E91F3C59D900BE4141 /* iphone and ipad size.app */,
			);
			name = Products;
			sourceTree = "<group>";
		};
		B2D9D9EB1F3C59D900BE4141 /* iphone and ipad size */ = {
			isa = PBXGroup;
			children = (
				B2D9D9EC1F3C59D900BE4141 /* AppDelegate.swift */,
				B2D9D9EE1F3C59D900BE4141 /* ViewController.swift */,
				B2D9D9F01F3C59D900BE4141 /* Main.storyboard */,
				B2D9D9F31F3C59D900BE4141 /* Assets.xcassets */,
				B2D9D9F51F3C59D900BE4141 /* LaunchScreen.storyboard */,
				B2D9D9F81F3C59D900BE4141 /* Info.plist */,
			);
			path = "iphone and ipad size";
			sourceTree = "<group>";
		};
/* End PBXGroup section */

/* Begin PBXNativeTarget section */
		B2D9D9E81F3C59D900BE4141 /* iphone and ipad size */ = {
			isa = PBXNativeTarget;
			buildConfigurationList = B2D9D9FB1F3C59D900BE4141 /* Build configuration list for PBXNativeTarget "iphone and ipad size" */;
			buildPhases = (
				B2D9D9E51F3C59D900BE4141 /* Sources */,
				B2D9D9E61F3C59D900BE4141 /* Frameworks */,
				B2D9D9E71F3C59D900BE4141 /* Resources */,
			);
			buildRules = (
			);
			dependencies = (
			);
			name = "iphone and ipad size";
			productName = "iphone and ipad size";
			productReference = B2D9D9E91F3C59D900BE4141 /* iphone and ipad size.app */;
			productType = "com.apple.product-type.application";
		};
/* End PBXNativeTarget section */

/* Begin PBXProject section */
		B2D9D9E11F3C59D900BE4141 /* Project object */ = {
			isa = PBXProject;
			attributes = {
				LastSwiftUpdateCheck = 0830;
				LastUpgradeCheck = 0830;
				ORGANIZATIONNAME = "chinnavon hamthanon";
				TargetAttributes = {
					B2D9D9E81F3C59D900BE4141 = {
						CreatedOnToolsVersion = 8.3.3;
						ProvisioningStyle = Manual;
					};
				};
			};
			buildConfigurationList = B2D9D9E41F3C59D900BE4141 /* Build configuration list for PBXProject "iphone and ipad size" */;
			compatibilityVersion = "Xcode 3.2";
			developmentRegion = English;
			hasScannedForEncodings = 0;
			knownRegions = (
				en,
				Base,
			);
			mainGroup = B2D9D9E01F3C59D900BE4141;
			productRefGroup = B2D9D9EA1F3C59D900BE4141 /* Products */;
			projectDirPath = "";
			projectRoot = "";
			targets = (
				B2D9D9E81F3C59D900BE4141 /* iphone and ipad size */,
			);
		};
/* End PBXProject section */

/* Begin PBXResourcesBuildPhase section */
		B2D9D9E71F3C59D900BE4141 /* Resources */ = {
			isa = PBXResourcesBuildPhase;
			buildActionMask = 2147483647;
			files = (
				B2D9D9F71F3C59D900BE4141 /* LaunchScreen.storyboard in Resources */,
				B2D9D9F41F3C59D900BE4141 /* Assets.xcassets in Resources */,
				B2D9D9F21F3C59D900BE4141 /* Main.storyboard in Resources */,
			);
			runOnlyForDeploymentPostprocessing = 0;
		};
/* End PBXResourcesBuildPhase section */

/* Begin PBXSourcesBuildPhase section */
		B2D9D9E51F3C59D900BE4141 /* Sources */ = {
			isa = PBXSourcesBuildPhase;
			buildActionMask = 2147483647;
			files = (
				B2D9D9EF1F3C59D900BE4141 /* ViewController.swift in Sources */,
				B2D9D9ED1F3C59D900BE4141 /* AppDelegate.swift in Sources */,
			);
			runOnlyForDeploymentPostprocessing = 0;
		};
/* End PBXSourcesBuildPhase section */

/* Begin PBXVariantGroup section */
		B2D9D9F01F3C59D900BE4141 /* Main.storyboard */ = {
			isa = PBXVariantGroup;
			children = (
				B2D9D9F11F3C59D900BE4141 /* Base */,
			);
			name = Main.storyboard;
			sourceTree = "<group>";
		};
		B2D9D9F51F3C59D900BE4141 /* LaunchScreen.storyboard */ = {
			isa = PBXVariantGroup;
			children = (
				B2D9D9F61F3C59D900BE4141 /* Base */,
			);
			name = LaunchScreen.storyboard;
			sourceTree = "<group>";
		};
/* End PBXVariantGroup section */

/* Begin XCBuildConfiguration section */
		B2D9D9F91F3C59D900BE4141 /* Debug */ = {
			isa = XCBuildConfiguration;
			buildSettings = {
				ALWAYS_SEARCH_USER_PATHS = NO;
				CLANG_ANALYZER_NONNULL = YES;
				CLANG_ANALYZER_NUMBER_OBJECT_CONVERSION = YES_AGGRESSIVE;
				CLANG_CXX_LANGUAGE_STANDARD = "gnu++0x";
				CLANG_CXX_LIBRARY = "libc++";
				CLANG_ENABLE_MODULES = YES;
				CLANG_ENABLE_OBJC_ARC = YES;
				CLANG_WARN_BOOL_CONVERSION = YES;
				CLANG_WARN_CONSTANT_CONVERSION = YES;
				CLANG_WARN_DIRECT_OBJC_ISA_USAGE = YES_ERROR;
				CLANG_WARN_DOCUMENTATION_COMMENTS = YES;
				CLANG_WARN_EMPTY_BODY = YES;
				CLANG_WARN_ENUM_CONVERSION = YES;
				CLANG_WARN_INFINITE_RECURSION = YES;
				CLANG_WARN_INT_CONVERSION = YES;
				CLANG_WARN_OBJC_ROOT_CLASS = YES_ERROR;
				CLANG_WARN_SUSPICIOUS_MOVE = YES;
				CLANG_WARN_UNREACHABLE_CODE = YES;
				CLANG_WARN__DUPLICATE_METHOD_MATCH = YES;
				"CODE_SIGN_IDENTITY[sdk=iphoneos*]" = "iPhone Developer";
				COPY_PHASE_STRIP = NO;
				DEBUG_INFORMATION_FORMAT = dwarf;
				ENABLE_STRICT_OBJC_MSGSEND = YES;
				ENABLE_TESTABILITY = YES;
				GCC_C_LANGUAGE_STANDARD = gnu99;
				GCC_DYNAMIC_NO_PIC = NO;
				GCC_NO_COMMON_BLOCKS = YES;
				GCC_OPTIMIZATION_LEVEL = 0;
				GCC_PREPROCESSOR_DEFINITIONS = (
					"DEBUG=1",
					"$(inherited)",
				);
				GCC_WARN_64_TO_32_BIT_CONVERSION = YES;
				GCC_WARN_ABOUT_RETURN_TYPE = YES_ERROR;
				GCC_WARN_UNDECLARED_SELECTOR = YES;
				GCC_WARN_UNINITIALIZED_AUTOS = YES_AGGRESSIVE;
				GCC_WARN_UNUSED_FUNCTION = YES;
				GCC_WARN_UNUSED_VARIABLE = YES;
				IPHONEOS_DEPLOYMENT_TARGET = 10.3;
				MTL_ENABLE_DEBUG_INFO = YES;
				ONLY_ACTIVE_ARCH = YES;
				SDKROOT = iphoneos;
				SWIFT_ACTIVE_COMPILATION_CONDITIONS = DEBUG;
				SWIFT_OPTIMIZATION_LEVEL = "-Onone";
				TARGETED_DEVICE_FAMILY = "1,2";
			};
			name = Debug;
		};
		B2D9D9FA1F3C59D900BE4141 /* Release */ = {
			isa = XCBuildConfiguration;
			buildSettings = {
				ALWAYS_SEARCH_USER_PATHS = NO;
				CLANG_ANALYZER_NONNULL = YES;
				CLANG_ANALYZER_NUMBER_OBJECT_CONVERSION = YES_AGGRESSIVE;
				CLANG_CXX_LANGUAGE_STANDARD = "gnu++0x";
				CLANG_CXX_LIBRARY = "libc++";
				CLANG_ENABLE_MODULES = YES;
				CLANG_ENABLE_OBJC_ARC = YES;
				CLANG_WARN_BOOL_CONVERSION = YES;
				CLANG_WARN_CONSTANT_CONVERSION = YES;
				CLANG_WARN_DIRECT_OBJC_ISA_USAGE = YES_ERROR;
				CLANG_WARN_DOCUMENTATION_COMMENTS = YES;
				CLANG_WARN_EMPTY_BODY = YES;
				CLANG_WARN_ENUM_CONVERSION = YES;
				CLANG_WARN_INFINITE_RECURSION = YES;
				CLANG_WARN_INT_CONVERSION = YES;
				CLANG_WARN_OBJC_ROOT_CLASS = YES_ERROR;
				CLANG_WARN_SUSPICIOUS_MOVE = YES;
				CLANG_WARN_UNREACHABLE_CODE = YES;
				CLANG_WARN__DUPLICATE_METHOD_MATCH = YES;
				"CODE_SIGN_IDENTITY[sdk=iphoneos*]" = "iPhone Developer";
				COPY_PHASE_STRIP = NO;
				DEBUG_INFORMATION_FORMAT = "dwarf-with-dsym";
				ENABLE_NS_ASSERTIONS = NO;
				ENABLE_STRICT_OBJC_MSGSEND = YES;
				GCC_C_LANGUAGE_STANDARD = gnu99;
				GCC_NO_COMMON_BLOCKS = YES;
				GCC_WARN_64_TO_32_BIT_CONVERSION = YES;
				GCC_WARN_ABOUT_RETURN_TYPE = YES_ERROR;
				GCC_WARN_UNDECLARED_SELECTOR = YES;
				GCC_WARN_UNINITIALIZED_AUTOS = YES_AGGRESSIVE;
				GCC_WARN_UNUSED_FUNCTION = YES;
				GCC_WARN_UNUSED_VARIABLE = YES;
				IPHONEOS_DEPLOYMENT_TARGET = 10.3;
				MTL_ENABLE_DEBUG_INFO = NO;
				SDKROOT = iphoneos;
				SWIFT_OPTIMIZATION_LEVEL = "-Owholemodule";
				TARGETED_DEVICE_FAMILY = "1,2";
				VALIDATE_PRODUCT = YES;
			};
			name = Release;
		};
		B2D9D9FC1F3C59D900BE4141 /* Debug */ = {
			isa = XCBuildConfiguration;
			buildSettings = {
				ASSETCATALOG_COMPILER_APPICON_NAME = AppIcon;
				DEVELOPMENT_TEAM = "";
				INFOPLIST_FILE = "iphone and ipad size/Info.plist";
				LD_RUNPATH_SEARCH_PATHS = "$(inherited) @executable_path/Frameworks";
				PRODUCT_BUNDLE_IDENTIFIER = "demoApp.iphone-and-ipad-size";
				PRODUCT_NAME = "$(TARGET_NAME)";
				PROVISIONING_PROFILE_SPECIFIER = "";
				SWIFT_VERSION = 3.0;
			};
			name = Debug;
		};
		B2D9D9FD1F3C59D900BE4141 /* Release */ = {
			isa = XCBuildConfiguration;
			buildSettings = {
				ASSETCATALOG_COMPILER_APPICON_NAME = AppIcon;
				DEVELOPMENT_TEAM = "";
				INFOPLIST_FILE = "iphone and ipad size/Info.plist";
				LD_RUNPATH_SEARCH_PATHS = "$(inherited) @executable_path/Frameworks";
				PRODUCT_BUNDLE_IDENTIFIER = "demoApp.iphone-and-ipad-size";
				PRODUCT_NAME = "$(TARGET_NAME)";
				PROVISIONING_PROFILE_SPECIFIER = "";
				SWIFT_VERSION = 3.0;
			};
			name = Release;
		};
/* End XCBuildConfiguration section */

/* Begin XCConfigurationList section */
		B2D9D9E41F3C59D900BE4141 /* Build configuration list for PBXProject "iphone and ipad size" */ = {
			isa = XCConfigurationList;
			buildConfigurations = (
				B2D9D9F91F3C59D900BE4141 /* Debug */,
				B2D9D9FA1F3C59D900BE4141 /* Release */,
			);
			defaultConfigurationIsVisible = 0;
			defaultConfigurationName = Release;
		};
		B2D9D9FB1F3C59D900BE4141 /* Build configuration list for PBXNativeTarget "iphone and ipad size" */ = {
			isa = XCConfigurationList;
			buildConfigurations = (
				B2D9D9FC1F3C59D900BE4141 /* Debug */,
				B2D9D9FD1F3C59D900BE4141 /* Release */,
			);
			defaultConfigurationIsVisible = 0;
		};
/* End XCConfigurationList section */
	};
	rootObject = B2D9D9E11F3C59D900BE4141 /* Project object */;
}
